// !$*UTF8*$!
{
	archiveVersion = 1;
	classes = {
	};
	objectVersion = 77;
	objects = {

/* Begin PBXBuildFile section */
		4B8375B72CB0F35C0031861E /* dragdropUrl Extension.appex in Embed Foundation Extensions */ = {isa = PBXBuildFile; fileRef = 4B8375B62CB0F35C0031861E /* dragdropUrl Extension.appex */; settings = {ATTRIBUTES = (RemoveHeadersOnCopy, ); }; };
/* End PBXBuildFile section */

/* Begin PBXContainerItemProxy section */
		4B8375A12CB0F35C0031861E /* PBXContainerItemProxy */ = {
			isa = PBXContainerItemProxy;
			containerPortal = 4B83757C2CB0F35A0031861E /* Project object */;
			proxyType = 1;
			remoteGlobalIDString = 4B8375832CB0F35A0031861E;
			remoteInfo = dragdropUrl;
		};
		4B8375AB2CB0F35C0031861E /* PBXContainerItemProxy */ = {
			isa = PBXContainerItemProxy;
			containerPortal = 4B83757C2CB0F35A0031861E /* Project object */;
			proxyType = 1;
			remoteGlobalIDString = 4B8375832CB0F35A0031861E;
			remoteInfo = dragdropUrl;
		};
		4B8375B82CB0F35C0031861E /* PBXContainerItemProxy */ = {
			isa = PBXContainerItemProxy;
			containerPortal = 4B83757C2CB0F35A0031861E /* Project object */;
			proxyType = 1;
			remoteGlobalIDString = 4B8375B52CB0F35C0031861E;
			remoteInfo = "dragdropUrl Extension";
		};
/* End PBXContainerItemProxy section */

/* Begin PBXCopyFilesBuildPhase section */
		4B8375D62CB0F35C0031861E /* Embed Foundation Extensions */ = {
			isa = PBXCopyFilesBuildPhase;
			buildActionMask = 2147483647;
			dstPath = "";
			dstSubfolderSpec = 13;
			files = (
				4B8375B72CB0F35C0031861E /* dragdropUrl Extension.appex in Embed Foundation Extensions */,
			);
			name = "Embed Foundation Extensions";
			runOnlyForDeploymentPostprocessing = 0;
		};
/* End PBXCopyFilesBuildPhase section */

/* Begin PBXFileReference section */
		4B8375842CB0F35A0031861E /* dragdropUrl.app */ = {isa = PBXFileReference; explicitFileType = wrapper.application; includeInIndex = 0; path = dragdropUrl.app; sourceTree = BUILT_PRODUCTS_DIR; };
		4B8375A02CB0F35C0031861E /* dragdropUrlTests.xctest */ = {isa = PBXFileReference; explicitFileType = wrapper.cfbundle; includeInIndex = 0; path = dragdropUrlTests.xctest; sourceTree = BUILT_PRODUCTS_DIR; };
		4B8375AA2CB0F35C0031861E /* dragdropUrlUITests.xctest */ = {isa = PBXFileReference; explicitFileType = wrapper.cfbundle; includeInIndex = 0; path = dragdropUrlUITests.xctest; sourceTree = BUILT_PRODUCTS_DIR; };
		4B8375B62CB0F35C0031861E /* dragdropUrl Extension.appex */ = {isa = PBXFileReference; explicitFileType = "wrapper.app-extension"; includeInIndex = 0; path = "dragdropUrl Extension.appex"; sourceTree = BUILT_PRODUCTS_DIR; };
/* End PBXFileReference section */

/* Begin PBXFileSystemSynchronizedBuildFileExceptionSet section */
		4B8375D02CB0F35C0031861E /* Exceptions for "dragdropUrl Extension" folder in "dragdropUrl Extension" target */ = {
			isa = PBXFileSystemSynchronizedBuildFileExceptionSet;
			membershipExceptions = (
				Info.plist,
			);
			target = 4B8375B52CB0F35C0031861E /* dragdropUrl Extension */;
		};
/* End PBXFileSystemSynchronizedBuildFileExceptionSet section */

/* Begin PBXFileSystemSynchronizedRootGroup section */
		4B8375862CB0F35A0031861E /* dragdropUrl */ = {
			isa = PBXFileSystemSynchronizedRootGroup;
			path = dragdropUrl;
			sourceTree = "<group>";
		};
		4B8375A32CB0F35C0031861E /* dragdropUrlTests */ = {
			isa = PBXFileSystemSynchronizedRootGroup;
			path = dragdropUrlTests;
			sourceTree = "<group>";
		};
		4B8375AD2CB0F35C0031861E /* dragdropUrlUITests */ = {
			isa = PBXFileSystemSynchronizedRootGroup;
			path = dragdropUrlUITests;
			sourceTree = "<group>";
		};
		4B8375BA2CB0F35C0031861E /* dragdropUrl Extension */ = {
			isa = PBXFileSystemSynchronizedRootGroup;
			exceptions = (
				4B8375D02CB0F35C0031861E /* Exceptions for "dragdropUrl Extension" folder in "dragdropUrl Extension" target */,
			);
			explicitFolders = (
				Resources/_locales,
				Resources/images,
			);
			path = "dragdropUrl Extension";
			sourceTree = "<group>";
		};
/* End PBXFileSystemSynchronizedRootGroup section */

/* Begin PBXFrameworksBuildPhase section */
		4B8375812CB0F35A0031861E /* Frameworks */ = {
			isa = PBXFrameworksBuildPhase;
			buildActionMask = 2147483647;
			files = (
			);
			runOnlyForDeploymentPostprocessing = 0;
		};
		4B83759D2CB0F35C0031861E /* Frameworks */ = {
			isa = PBXFrameworksBuildPhase;
			buildActionMask = 2147483647;
			files = (
			);
			runOnlyForDeploymentPostprocessing = 0;
		};
		4B8375A72CB0F35C0031861E /* Frameworks */ = {
			isa = PBXFrameworksBuildPhase;
			buildActionMask = 2147483647;
			files = (
			);
			runOnlyForDeploymentPostprocessing = 0;
		};
		4B8375B32CB0F35C0031861E /* Frameworks */ = {
			isa = PBXFrameworksBuildPhase;
			buildActionMask = 2147483647;
			files = (
			);
			runOnlyForDeploymentPostprocessing = 0;
		};
/* End PBXFrameworksBuildPhase section */

/* Begin PBXGroup section */
		4B83757B2CB0F35A0031861E = {
			isa = PBXGroup;
			children = (
				4B8375862CB0F35A0031861E /* dragdropUrl */,
				4B8375A32CB0F35C0031861E /* dragdropUrlTests */,
				4B8375AD2CB0F35C0031861E /* dragdropUrlUITests */,
				4B8375BA2CB0F35C0031861E /* dragdropUrl Extension */,
				4B8375852CB0F35A0031861E /* Products */,
			);
			sourceTree = "<group>";
		};
		4B8375852CB0F35A0031861E /* Products */ = {
			isa = PBXGroup;
			children = (
				4B8375842CB0F35A0031861E /* dragdropUrl.app */,
				4B8375A02CB0F35C0031861E /* dragdropUrlTests.xctest */,
				4B8375AA2CB0F35C0031861E /* dragdropUrlUITests.xctest */,
				4B8375B62CB0F35C0031861E /* dragdropUrl Extension.appex */,
			);
			name = Products;
			sourceTree = "<group>";
		};
/* End PBXGroup section */

/* Begin PBXNativeTarget section */
		4B8375832CB0F35A0031861E /* dragdropUrl */ = {
			isa = PBXNativeTarget;
			buildConfigurationList = 4B8375D72CB0F35C0031861E /* Build configuration list for PBXNativeTarget "dragdropUrl" */;
			buildPhases = (
				4B8375802CB0F35A0031861E /* Sources */,
				4B8375812CB0F35A0031861E /* Frameworks */,
				4B8375822CB0F35A0031861E /* Resources */,
				4B8375D62CB0F35C0031861E /* Embed Foundation Extensions */,
			);
			buildRules = (
			);
			dependencies = (
				4B8375B92CB0F35C0031861E /* PBXTargetDependency */,
			);
			fileSystemSynchronizedGroups = (
				4B8375862CB0F35A0031861E /* dragdropUrl */,
			);
			name = dragdropUrl;
			packageProductDependencies = (
			);
			productName = dragdropUrl;
			productReference = 4B8375842CB0F35A0031861E /* dragdropUrl.app */;
			productType = "com.apple.product-type.application";
		};
		4B83759F2CB0F35C0031861E /* dragdropUrlTests */ = {
			isa = PBXNativeTarget;
			buildConfigurationList = 4B8375DA2CB0F35C0031861E /* Build configuration list for PBXNativeTarget "dragdropUrlTests" */;
			buildPhases = (
				4B83759C2CB0F35C0031861E /* Sources */,
				4B83759D2CB0F35C0031861E /* Frameworks */,
				4B83759E2CB0F35C0031861E /* Resources */,
			);
			buildRules = (
			);
			dependencies = (
				4B8375A22CB0F35C0031861E /* PBXTargetDependency */,
			);
			fileSystemSynchronizedGroups = (
				4B8375A32CB0F35C0031861E /* dragdropUrlTests */,
			);
			name = dragdropUrlTests;
			packageProductDependencies = (
			);
			productName = dragdropUrlTests;
			productReference = 4B8375A02CB0F35C0031861E /* dragdropUrlTests.xctest */;
			productType = "com.apple.product-type.bundle.unit-test";
		};
		4B8375A92CB0F35C0031861E /* dragdropUrlUITests */ = {
			isa = PBXNativeTarget;
			buildConfigurationList = 4B8375DD2CB0F35C0031861E /* Build configuration list for PBXNativeTarget "dragdropUrlUITests" */;
			buildPhases = (
				4B8375A62CB0F35C0031861E /* Sources */,
				4B8375A72CB0F35C0031861E /* Frameworks */,
				4B8375A82CB0F35C0031861E /* Resources */,
			);
			buildRules = (
			);
			dependencies = (
				4B8375AC2CB0F35C0031861E /* PBXTargetDependency */,
			);
			fileSystemSynchronizedGroups = (
				4B8375AD2CB0F35C0031861E /* dragdropUrlUITests */,
			);
			name = dragdropUrlUITests;
			packageProductDependencies = (
			);
			productName = dragdropUrlUITests;
			productReference = 4B8375AA2CB0F35C0031861E /* dragdropUrlUITests.xctest */;
			productType = "com.apple.product-type.bundle.ui-testing";
		};
		4B8375B52CB0F35C0031861E /* dragdropUrl Extension */ = {
			isa = PBXNativeTarget;
			buildConfigurationList = 4B8375D12CB0F35C0031861E /* Build configuration list for PBXNativeTarget "dragdropUrl Extension" */;
			buildPhases = (
				4B8375B22CB0F35C0031861E /* Sources */,
				4B8375B32CB0F35C0031861E /* Frameworks */,
				4B8375B42CB0F35C0031861E /* Resources */,
			);
			buildRules = (
			);
			dependencies = (
			);
			fileSystemSynchronizedGroups = (
				4B8375BA2CB0F35C0031861E /* dragdropUrl Extension */,
			);
			name = "dragdropUrl Extension";
			packageProductDependencies = (
			);
			productName = "dragdropUrl Extension";
			productReference = 4B8375B62CB0F35C0031861E /* dragdropUrl Extension.appex */;
			productType = "com.apple.product-type.app-extension";
		};
/* End PBXNativeTarget section */

/* Begin PBXProject section */
		4B83757C2CB0F35A0031861E /* Project object */ = {
			isa = PBXProject;
			attributes = {
				BuildIndependentTargetsInParallel = 1;
				LastSwiftUpdateCheck = 1600;
				LastUpgradeCheck = 1600;
				TargetAttributes = {
					4B8375832CB0F35A0031861E = {
						CreatedOnToolsVersion = 16.0;
					};
					4B83759F2CB0F35C0031861E = {
						CreatedOnToolsVersion = 16.0;
						TestTargetID = 4B8375832CB0F35A0031861E;
					};
					4B8375A92CB0F35C0031861E = {
						CreatedOnToolsVersion = 16.0;
						TestTargetID = 4B8375832CB0F35A0031861E;
					};
					4B8375B52CB0F35C0031861E = {
						CreatedOnToolsVersion = 16.0;
					};
				};
			};
			buildConfigurationList = 4B83757F2CB0F35A0031861E /* Build configuration list for PBXProject "dragdropUrl" */;
			developmentRegion = en;
			hasScannedForEncodings = 0;
			knownRegions = (
				en,
				Base,
			);
			mainGroup = 4B83757B2CB0F35A0031861E;
			minimizedProjectReferenceProxies = 1;
			preferredProjectObjectVersion = 77;
			productRefGroup = 4B8375852CB0F35A0031861E /* Products */;
			projectDirPath = "";
			projectRoot = "";
			targets = (
				4B8375832CB0F35A0031861E /* dragdropUrl */,
				4B83759F2CB0F35C0031861E /* dragdropUrlTests */,
				4B8375A92CB0F35C0031861E /* dragdropUrlUITests */,
				4B8375B52CB0F35C0031861E /* dragdropUrl Extension */,
			);
		};
/* End PBXProject section */

/* Begin PBXResourcesBuildPhase section */
		4B8375822CB0F35A0031861E /* Resources */ = {
			isa = PBXResourcesBuildPhase;
			buildActionMask = 2147483647;
			files = (
			);
			runOnlyForDeploymentPostprocessing = 0;
		};
		4B83759E2CB0F35C0031861E /* Resources */ = {
			isa = PBXResourcesBuildPhase;
			buildActionMask = 2147483647;
			files = (
			);
			runOnlyForDeploymentPostprocessing = 0;
		};
		4B8375A82CB0F35C0031861E /* Resources */ = {
			isa = PBXResourcesBuildPhase;
			buildActionMask = 2147483647;
			files = (
			);
			runOnlyForDeploymentPostprocessing = 0;
		};
		4B8375B42CB0F35C0031861E /* Resources */ = {
			isa = PBXResourcesBuildPhase;
			buildActionMask = 2147483647;
			files = (
			);
			runOnlyForDeploymentPostprocessing = 0;
		};
/* End PBXResourcesBuildPhase section */

/* Begin PBXSourcesBuildPhase section */
		4B8375802CB0F35A0031861E /* Sources */ = {
			isa = PBXSourcesBuildPhase;
			buildActionMask = 2147483647;
			files = (
			);
			runOnlyForDeploymentPostprocessing = 0;
		};
		4B83759C2CB0F35C0031861E /* Sources */ = {
			isa = PBXSourcesBuildPhase;
			buildActionMask = 2147483647;
			files = (
			);
			runOnlyForDeploymentPostprocessing = 0;
		};
		4B8375A62CB0F35C0031861E /* Sources */ = {
			isa = PBXSourcesBuildPhase;
			buildActionMask = 2147483647;
			files = (
			);
			runOnlyForDeploymentPostprocessing = 0;
		};
		4B8375B22CB0F35C0031861E /* Sources */ = {
			isa = PBXSourcesBuildPhase;
			buildActionMask = 2147483647;
			files = (
			);
			runOnlyForDeploymentPostprocessing = 0;
		};
/* End PBXSourcesBuildPhase section */

/* Begin PBXTargetDependency section */
		4B8375A22CB0F35C0031861E /* PBXTargetDependency */ = {
			isa = PBXTargetDependency;
			target = 4B8375832CB0F35A0031861E /* dragdropUrl */;
			targetProxy = 4B8375A12CB0F35C0031861E /* PBXContainerItemProxy */;
		};
		4B8375AC2CB0F35C0031861E /* PBXTargetDependency */ = {
			isa = PBXTargetDependency;
			target = 4B8375832CB0F35A0031861E /* dragdropUrl */;
			targetProxy = 4B8375AB2CB0F35C0031861E /* PBXContainerItemProxy */;
		};
		4B8375B92CB0F35C0031861E /* PBXTargetDependency */ = {
			isa = PBXTargetDependency;
			target = 4B8375B52CB0F35C0031861E /* dragdropUrl Extension */;
			targetProxy = 4B8375B82CB0F35C0031861E /* PBXContainerItemProxy */;
		};
/* End PBXTargetDependency section */

/* Begin XCBuildConfiguration section */
		4B8375D22CB0F35C0031861E /* Debug */ = {
			isa = XCBuildConfiguration;
			buildSettings = {
				CODE_SIGN_ENTITLEMENTS = "dragdropUrl Extension/dragdropUrl_Extension.entitlements";
				CODE_SIGN_STYLE = Automatic;
				CURRENT_PROJECT_VERSION = 1;
				DEVELOPMENT_TEAM = 2MS2W6KFEM;
				ENABLE_HARDENED_RUNTIME = YES;
				GENERATE_INFOPLIST_FILE = YES;
				INFOPLIST_FILE = "dragdropUrl Extension/Info.plist";
				INFOPLIST_KEY_CFBundleDisplayName = "dragdropUrl Extension";
				INFOPLIST_KEY_NSHumanReadableCopyright = "";
				LD_RUNPATH_SEARCH_PATHS = (
					"$(inherited)",
					"@executable_path/../Frameworks",
					"@executable_path/../../../../Frameworks",
				);
				MACOSX_DEPLOYMENT_TARGET = 10.14;
				MARKETING_VERSION = 1.0;
				OTHER_LDFLAGS = (
					"-framework",
					SafariServices,
				);
				PRODUCT_BUNDLE_IDENTIFIER = com.altraveda.extensions.safari.dragdropUrl.Extension;
				PRODUCT_NAME = "$(TARGET_NAME)";
				SKIP_INSTALL = YES;
				SWIFT_EMIT_LOC_STRINGS = YES;
				SWIFT_VERSION = 5.0;
			};
			name = Debug;
		};
		4B8375D32CB0F35C0031861E /* Release */ = {
			isa = XCBuildConfiguration;
			buildSettings = {
				CODE_SIGN_ENTITLEMENTS = "dragdropUrl Extension/dragdropUrl_Extension.entitlements";
				CODE_SIGN_STYLE = Automatic;
				CURRENT_PROJECT_VERSION = 1;
				DEVELOPMENT_TEAM = 2MS2W6KFEM;
				ENABLE_HARDENED_RUNTIME = YES;
				GENERATE_INFOPLIST_FILE = YES;
				INFOPLIST_FILE = "dragdropUrl Extension/Info.plist";
				INFOPLIST_KEY_CFBundleDisplayName = "dragdropUrl Extension";
				INFOPLIST_KEY_NSHumanReadableCopyright = "";
				LD_RUNPATH_SEARCH_PATHS = (
					"$(inherited)",
					"@executable_path/../Frameworks",
					"@executable_path/../../../../Frameworks",
				);
				MACOSX_DEPLOYMENT_TARGET = 10.14;
				MARKETING_VERSION = 1.0;
				OTHER_LDFLAGS = (
					"-framework",
					SafariServices,
				);
				PRODUCT_BUNDLE_IDENTIFIER = com.altraveda.extensions.safari.dragdropUrl.Extension;
				PRODUCT_NAME = "$(TARGET_NAME)";
				SKIP_INSTALL = YES;
				SWIFT_EMIT_LOC_STRINGS = YES;
				SWIFT_VERSION = 5.0;
			};
			name = Release;
		};
		4B8375D42CB0F35C0031861E /* Debug */ = {
			isa = XCBuildConfiguration;
			buildSettings = {
				ALWAYS_SEARCH_USER_PATHS = NO;
				ASSETCATALOG_COMPILER_GENERATE_SWIFT_ASSET_SYMBOL_EXTENSIONS = YES;
				CLANG_ANALYZER_NONNULL = YES;
				CLANG_ANALYZER_NUMBER_OBJECT_CONVERSION = YES_AGGRESSIVE;
				CLANG_CXX_LANGUAGE_STANDARD = "gnu++20";
				CLANG_ENABLE_MODULES = YES;
				CLANG_ENABLE_OBJC_ARC = YES;
				CLANG_ENABLE_OBJC_WEAK = YES;
				CLANG_WARN_BLOCK_CAPTURE_AUTORELEASING = YES;
				CLANG_WARN_BOOL_CONVERSION = YES;
				CLANG_WARN_COMMA = YES;
				CLANG_WARN_CONSTANT_CONVERSION = YES;
				CLANG_WARN_DEPRECATED_OBJC_IMPLEMENTATIONS = YES;
				CLANG_WARN_DIRECT_OBJC_ISA_USAGE = YES_ERROR;
				CLANG_WARN_DOCUMENTATION_COMMENTS = YES;
				CLANG_WARN_EMPTY_BODY = YES;
				CLANG_WARN_ENUM_CONVERSION = YES;
				CLANG_WARN_INFINITE_RECURSION = YES;
				CLANG_WARN_INT_CONVERSION = YES;
				CLANG_WARN_NON_LITERAL_NULL_CONVERSION = YES;
				CLANG_WARN_OBJC_IMPLICIT_RETAIN_SELF = YES;
				CLANG_WARN_OBJC_LITERAL_CONVERSION = YES;
				CLANG_WARN_OBJC_ROOT_CLASS = YES_ERROR;
				CLANG_WARN_QUOTED_INCLUDE_IN_FRAMEWORK_HEADER = YES;
				CLANG_WARN_RANGE_LOOP_ANALYSIS = YES;
				CLANG_WARN_STRICT_PROTOTYPES = YES;
				CLANG_WARN_SUSPICIOUS_MOVE = YES;
				CLANG_WARN_UNGUARDED_AVAILABILITY = YES_AGGRESSIVE;
				CLANG_WARN_UNREACHABLE_CODE = YES;
				CLANG_WARN__DUPLICATE_METHOD_MATCH = YES;
				COPY_PHASE_STRIP = NO;
				DEBUG_INFORMATION_FORMAT = dwarf;
				ENABLE_STRICT_OBJC_MSGSEND = YES;
				ENABLE_TESTABILITY = YES;
				ENABLE_USER_SCRIPT_SANDBOXING = YES;
				GCC_C_LANGUAGE_STANDARD = gnu17;
				GCC_DYNAMIC_NO_PIC = NO;
				GCC_NO_COMMON_BLOCKS = YES;
				GCC_OPTIMIZATION_LEVEL = 0;
				GCC_PREPROCESSOR_DEFINITIONS = (
					"DEBUG=1",
					"$(inherited)",
				);
				GCC_WARN_64_TO_32_BIT_CONVERSION = YES;
				GCC_WARN_ABOUT_RETURN_TYPE = YES_ERROR;
				GCC_WARN_UNDECLARED_SELECTOR = YES;
				GCC_WARN_UNINITIALIZED_AUTOS = YES_AGGRESSIVE;
				GCC_WARN_UNUSED_FUNCTION = YES;
				GCC_WARN_UNUSED_VARIABLE = YES;
				LOCALIZATION_PREFERS_STRING_CATALOGS = YES;
				MACOSX_DEPLOYMENT_TARGET = 15.0;
				MTL_ENABLE_DEBUG_INFO = INCLUDE_SOURCE;
				MTL_FAST_MATH = YES;
				ONLY_ACTIVE_ARCH = YES;
				SDKROOT = macosx;
				SWIFT_ACTIVE_COMPILATION_CONDITIONS = "DEBUG $(inherited)";
				SWIFT_OPTIMIZATION_LEVEL = "-Onone";
			};
			name = Debug;
		};
		4B8375D52CB0F35C0031861E /* Release */ = {
			isa = XCBuildConfiguration;
			buildSettings = {
				ALWAYS_SEARCH_USER_PATHS = NO;
				ASSETCATALOG_COMPILER_GENERATE_SWIFT_ASSET_SYMBOL_EXTENSIONS = YES;
				CLANG_ANALYZER_NONNULL = YES;
				CLANG_ANALYZER_NUMBER_OBJECT_CONVERSION = YES_AGGRESSIVE;
				CLANG_CXX_LANGUAGE_STANDARD = "gnu++20";
				CLANG_ENABLE_MODULES = YES;
				CLANG_ENABLE_OBJC_ARC = YES;
				CLANG_ENABLE_OBJC_WEAK = YES;
				CLANG_WARN_BLOCK_CAPTURE_AUTORELEASING = YES;
				CLANG_WARN_BOOL_CONVERSION = YES;
				CLANG_WARN_COMMA = YES;
				CLANG_WARN_CONSTANT_CONVERSION = YES;
				CLANG_WARN_DEPRECATED_OBJC_IMPLEMENTATIONS = YES;
				CLANG_WARN_DIRECT_OBJC_ISA_USAGE = YES_ERROR;
				CLANG_WARN_DOCUMENTATION_COMMENTS = YES;
				CLANG_WARN_EMPTY_BODY = YES;
				CLANG_WARN_ENUM_CONVERSION = YES;
				CLANG_WARN_INFINITE_RECURSION = YES;
				CLANG_WARN_INT_CONVERSION = YES;
				CLANG_WARN_NON_LITERAL_NULL_CONVERSION = YES;
				CLANG_WARN_OBJC_IMPLICIT_RETAIN_SELF = YES;
				CLANG_WARN_OBJC_LITERAL_CONVERSION = YES;
				CLANG_WARN_OBJC_ROOT_CLASS = YES_ERROR;
				CLANG_WARN_QUOTED_INCLUDE_IN_FRAMEWORK_HEADER = YES;
				CLANG_WARN_RANGE_LOOP_ANALYSIS = YES;
				CLANG_WARN_STRICT_PROTOTYPES = YES;
				CLANG_WARN_SUSPICIOUS_MOVE = YES;
				CLANG_WARN_UNGUARDED_AVAILABILITY = YES_AGGRESSIVE;
				CLANG_WARN_UNREACHABLE_CODE = YES;
				CLANG_WARN__DUPLICATE_METHOD_MATCH = YES;
				COPY_PHASE_STRIP = NO;
				DEBUG_INFORMATION_FORMAT = "dwarf-with-dsym";
				ENABLE_NS_ASSERTIONS = NO;
				ENABLE_STRICT_OBJC_MSGSEND = YES;
				ENABLE_USER_SCRIPT_SANDBOXING = YES;
				GCC_C_LANGUAGE_STANDARD = gnu17;
				GCC_NO_COMMON_BLOCKS = YES;
				GCC_WARN_64_TO_32_BIT_CONVERSION = YES;
				GCC_WARN_ABOUT_RETURN_TYPE = YES_ERROR;
				GCC_WARN_UNDECLARED_SELECTOR = YES;
				GCC_WARN_UNINITIALIZED_AUTOS = YES_AGGRESSIVE;
				GCC_WARN_UNUSED_FUNCTION = YES;
				GCC_WARN_UNUSED_VARIABLE = YES;
				LOCALIZATION_PREFERS_STRING_CATALOGS = YES;
				MACOSX_DEPLOYMENT_TARGET = 15.0;
				MTL_ENABLE_DEBUG_INFO = NO;
				MTL_FAST_MATH = YES;
				SDKROOT = macosx;
				SWIFT_COMPILATION_MODE = wholemodule;
			};
			name = Release;
		};
		4B8375D82CB0F35C0031861E /* Debug */ = {
			isa = XCBuildConfiguration;
			buildSettings = {
				ASSETCATALOG_COMPILER_APPICON_NAME = AppIcon;
				ASSETCATALOG_COMPILER_GLOBAL_ACCENT_COLOR_NAME = AccentColor;
				CODE_SIGN_ENTITLEMENTS = dragdropUrl/dragdropUrl.entitlements;
				CODE_SIGN_STYLE = Automatic;
				COMBINE_HIDPI_IMAGES = YES;
				CURRENT_PROJECT_VERSION = 1;
				DEVELOPMENT_TEAM = 2MS2W6KFEM;
				ENABLE_HARDENED_RUNTIME = YES;
				GENERATE_INFOPLIST_FILE = YES;
				INFOPLIST_KEY_CFBundleDisplayName = dragdropUrl;
				INFOPLIST_KEY_NSHumanReadableCopyright = "";
				INFOPLIST_KEY_NSMainStoryboardFile = Main;
				INFOPLIST_KEY_NSPrincipalClass = NSApplication;
				LD_RUNPATH_SEARCH_PATHS = (
					"$(inherited)",
					"@executable_path/../Frameworks",
				);
				MACOSX_DEPLOYMENT_TARGET = 10.14;
				MARKETING_VERSION = 1.0;
				OTHER_LDFLAGS = (
					"-framework",
					SafariServices,
					"-framework",
					WebKit,
				);
				PRODUCT_BUNDLE_IDENTIFIER = com.altraveda.extensions.safari.dragdropUrl;
				PRODUCT_NAME = "$(TARGET_NAME)";
				SWIFT_EMIT_LOC_STRINGS = YES;
				SWIFT_VERSION = 5.0;
			};
			name = Debug;
		};
		4B8375D92CB0F35C0031861E /* Release */ = {
			isa = XCBuildConfiguration;
			buildSettings = {
				ASSETCATALOG_COMPILER_APPICON_NAME = AppIcon;
				ASSETCATALOG_COMPILER_GLOBAL_ACCENT_COLOR_NAME = AccentColor;
				CODE_SIGN_ENTITLEMENTS = dragdropUrl/dragdropUrl.entitlements;
				CODE_SIGN_STYLE = Automatic;
				COMBINE_HIDPI_IMAGES = YES;
				CURRENT_PROJECT_VERSION = 1;
				DEVELOPMENT_TEAM = 2MS2W6KFEM;
				ENABLE_HARDENED_RUNTIME = YES;
				GENERATE_INFOPLIST_FILE = YES;
				INFOPLIST_KEY_CFBundleDisplayName = dragdropUrl;
				INFOPLIST_KEY_NSHumanReadableCopyright = "";
				INFOPLIST_KEY_NSMainStoryboardFile = Main;
				INFOPLIST_KEY_NSPrincipalClass = NSApplication;
				LD_RUNPATH_SEARCH_PATHS = (
					"$(inherited)",
					"@executable_path/../Frameworks",
				);
				MACOSX_DEPLOYMENT_TARGET = 10.14;
				MARKETING_VERSION = 1.0;
				OTHER_LDFLAGS = (
					"-framework",
					SafariServices,
					"-framework",
					WebKit,
				);
				PRODUCT_BUNDLE_IDENTIFIER = com.altraveda.extensions.safari.dragdropUrl;
				PRODUCT_NAME = "$(TARGET_NAME)";
				SWIFT_EMIT_LOC_STRINGS = YES;
				SWIFT_VERSION = 5.0;
			};
			name = Release;
		};
		4B8375DB2CB0F35C0031861E /* Debug */ = {
			isa = XCBuildConfiguration;
			buildSettings = {
				BUNDLE_LOADER = "$(TEST_HOST)";
				CODE_SIGN_STYLE = Automatic;
				CURRENT_PROJECT_VERSION = 1;
				DEVELOPMENT_TEAM = 2MS2W6KFEM;
				GENERATE_INFOPLIST_FILE = YES;
				MACOSX_DEPLOYMENT_TARGET = 10.14;
				MARKETING_VERSION = 1.0;
				PRODUCT_BUNDLE_IDENTIFIER = com.altraveda.extensions.safari.dragdropUrlTests;
				PRODUCT_NAME = "$(TARGET_NAME)";
				SWIFT_EMIT_LOC_STRINGS = NO;
				SWIFT_VERSION = 5.0;
				TEST_HOST = "$(BUILT_PRODUCTS_DIR)/dragdropUrl.app/$(BUNDLE_EXECUTABLE_FOLDER_PATH)/dragdropUrl";
			};
			name = Debug;
		};
		4B8375DC2CB0F35C0031861E /* Release */ = {
			isa = XCBuildConfiguration;
			buildSettings = {
				BUNDLE_LOADER = "$(TEST_HOST)";
				CODE_SIGN_STYLE = Automatic;
				CURRENT_PROJECT_VERSION = 1;
				DEVELOPMENT_TEAM = 2MS2W6KFEM;
				GENERATE_INFOPLIST_FILE = YES;
				MACOSX_DEPLOYMENT_TARGET = 10.14;
				MARKETING_VERSION = 1.0;
				PRODUCT_BUNDLE_IDENTIFIER = com.altraveda.extensions.safari.dragdropUrlTests;
				PRODUCT_NAME = "$(TARGET_NAME)";
				SWIFT_EMIT_LOC_STRINGS = NO;
				SWIFT_VERSION = 5.0;
				TEST_HOST = "$(BUILT_PRODUCTS_DIR)/dragdropUrl.app/$(BUNDLE_EXECUTABLE_FOLDER_PATH)/dragdropUrl";
			};
			name = Release;
		};
		4B8375DE2CB0F35C0031861E /* Debug */ = {
			isa = XCBuildConfiguration;
			buildSettings = {
				CODE_SIGN_STYLE = Automatic;
				CURRENT_PROJECT_VERSION = 1;
				DEVELOPMENT_TEAM = 2MS2W6KFEM;
				GENERATE_INFOPLIST_FILE = YES;
				MARKETING_VERSION = 1.0;
				PRODUCT_BUNDLE_IDENTIFIER = com.altraveda.extensions.safari.dragdropUrlUITests;
				PRODUCT_NAME = "$(TARGET_NAME)";
				SWIFT_EMIT_LOC_STRINGS = NO;
				SWIFT_VERSION = 5.0;
				TEST_TARGET_NAME = dragdropUrl;
			};
			name = Debug;
		};
		4B8375DF2CB0F35C0031861E /* Release */ = {
			isa = XCBuildConfiguration;
			buildSettings = {
				CODE_SIGN_STYLE = Automatic;
				CURRENT_PROJECT_VERSION = 1;
				DEVELOPMENT_TEAM = 2MS2W6KFEM;
				GENERATE_INFOPLIST_FILE = YES;
				MARKETING_VERSION = 1.0;
				PRODUCT_BUNDLE_IDENTIFIER = com.altraveda.extensions.safari.dragdropUrlUITests;
				PRODUCT_NAME = "$(TARGET_NAME)";
				SWIFT_EMIT_LOC_STRINGS = NO;
				SWIFT_VERSION = 5.0;
				TEST_TARGET_NAME = dragdropUrl;
			};
			name = Release;
		};
/* End XCBuildConfiguration section */

/* Begin XCConfigurationList section */
		4B83757F2CB0F35A0031861E /* Build configuration list for PBXProject "dragdropUrl" */ = {
			isa = XCConfigurationList;
			buildConfigurations = (
				4B8375D42CB0F35C0031861E /* Debug */,
				4B8375D52CB0F35C0031861E /* Release */,
			);
			defaultConfigurationIsVisible = 0;
			defaultConfigurationName = Release;
		};
		4B8375D12CB0F35C0031861E /* Build configuration list for PBXNativeTarget "dragdropUrl Extension" */ = {
			isa = XCConfigurationList;
			buildConfigurations = (
				4B8375D22CB0F35C0031861E /* Debug */,
				4B8375D32CB0F35C0031861E /* Release */,
			);
			defaultConfigurationIsVisible = 0;
			defaultConfigurationName = Release;
		};
		4B8375D72CB0F35C0031861E /* Build configuration list for PBXNativeTarget "dragdropUrl" */ = {
			isa = XCConfigurationList;
			buildConfigurations = (
				4B8375D82CB0F35C0031861E /* Debug */,
				4B8375D92CB0F35C0031861E /* Release */,
			);
			defaultConfigurationIsVisible = 0;
			defaultConfigurationName = Release;
		};
		4B8375DA2CB0F35C0031861E /* Build configuration list for PBXNativeTarget "dragdropUrlTests" */ = {
			isa = XCConfigurationList;
			buildConfigurations = (
				4B8375DB2CB0F35C0031861E /* Debug */,
				4B8375DC2CB0F35C0031861E /* Release */,
			);
			defaultConfigurationIsVisible = 0;
			defaultConfigurationName = Release;
		};
		4B8375DD2CB0F35C0031861E /* Build configuration list for PBXNativeTarget "dragdropUrlUITests" */ = {
			isa = XCConfigurationList;
			buildConfigurations = (
				4B8375DE2CB0F35C0031861E /* Debug */,
				4B8375DF2CB0F35C0031861E /* Release */,
			);
			defaultConfigurationIsVisible = 0;
			defaultConfigurationName = Release;
		};
/* End XCConfigurationList section */
	};
	rootObject = 4B83757C2CB0F35A0031861E /* Project object */;
}
